
Microsoft Visual Studio Solution File, Format Version 12.00
# Visual Studio Version 16
VisualStudioVersion = 16.0.31702.278
MinimumVisualStudioVersion = 10.0.40219.1
Project("{FAE04EC0-301F-11D3-BF4B-00C04F79EFBC}") = "VA_ClashReport", "VA_ClashReport\VA_ClashReport.csproj", "{8F586F9D-1843-4183-9E8A-02916A6B8E28}"
EndProject
Global
	GlobalSection(SolutionConfigurationPlatforms) = preSolution
		Debug|Any CPU = Debug|Any CPU
		Release|Any CPU = Release|Any CPU
	EndGlobalSection
	GlobalSection(ProjectConfigurationPlatforms) = postSolution
		{8F586F9D-1843-4183-9E8A-02916A6B8E28}.Debug|Any CPU.ActiveCfg = Debug|Any CPU
		{8F586F9D-1843-4183-9E8A-02916A6B8E28}.Debug|Any CPU.Build.0 = Debug|Any CPU
		{8F586F9D-1843-4183-9E8A-02916A6B8E28}.Release|Any CPU.ActiveCfg = Release|Any CPU
		{8F586F9D-1843-4183-9E8A-02916A6B8E28}.Release|Any CPU.Build.0 = Release|Any CPU
	EndGlobalSection
	GlobalSection(SolutionProperties) = preSolution
		HideSolutionNode = FALSE
	EndGlobalSection
	GlobalSection(ExtensibilityGlobals) = postSolution
		SolutionGuid = {9C01CF47-DEBE-4A8C-AD94-E2689D72F222}
	EndGlobalSection
EndGlobal
